// !$*UTF8*$!
{
	archiveVersion = 1;
	classes = {
	};
	objectVersion = 56;
	objects = {

/* Begin PBXBuildFile section */
		7A1EE9382C7E486500627229 /* Loopable.swift in Sources */ = {isa = PBXBuildFile; fileRef = 7A1EE9372C7E486500627229 /* Loopable.swift */; };
		7A274E9C2C753C7700C368C6 /* CurrencyConverterApp.swift in Sources */ = {isa = PBXBuildFile; fileRef = 7A274E9B2C753C7700C368C6 /* CurrencyConverterApp.swift */; };
		7A274EA02C753C7800C368C6 /* Assets.xcassets in Resources */ = {isa = PBXBuildFile; fileRef = 7A274E9F2C753C7800C368C6 /* Assets.xcassets */; };
		7A274EA32C753C7800C368C6 /* Preview Assets.xcassets in Resources */ = {isa = PBXBuildFile; fileRef = 7A274EA22C753C7800C368C6 /* Preview Assets.xcassets */; };
		7A274EAD2C753C7800C368C6 /* CurrencyConverterTests.swift in Sources */ = {isa = PBXBuildFile; fileRef = 7A274EAC2C753C7800C368C6 /* CurrencyConverterTests.swift */; };
		7A274EB72C753C7800C368C6 /* CurrencyConverterUITests.swift in Sources */ = {isa = PBXBuildFile; fileRef = 7A274EB62C753C7800C368C6 /* CurrencyConverterUITests.swift */; };
		7A274EB92C753C7800C368C6 /* CurrencyConverterUITestsLaunchTests.swift in Sources */ = {isa = PBXBuildFile; fileRef = 7A274EB82C753C7800C368C6 /* CurrencyConverterUITestsLaunchTests.swift */; };
		7A7B082E2C791E7E00AFD433 /* NumberFormatter+Extensions.swift in Sources */ = {isa = PBXBuildFile; fileRef = 7A7B082D2C791E7E00AFD433 /* NumberFormatter+Extensions.swift */; };
		7A7B08302C7B966400AFD433 /* ConversionView.swift in Sources */ = {isa = PBXBuildFile; fileRef = 7A7B082F2C7B966400AFD433 /* ConversionView.swift */; };
		7A7B08332C7B9A2C00AFD433 /* Webservice.swift in Sources */ = {isa = PBXBuildFile; fileRef = 7A7B08322C7B9A2C00AFD433 /* Webservice.swift */; };
		7A7B083A2C7D13B500AFD433 /* Quotes.swift in Sources */ = {isa = PBXBuildFile; fileRef = 7A7B08382C7D13B500AFD433 /* Quotes.swift */; };
		7A7B083B2C7D13B500AFD433 /* ConversionData.swift in Sources */ = {isa = PBXBuildFile; fileRef = 7A7B08392C7D13B500AFD433 /* ConversionData.swift */; };
		7A7B083D2C7D246300AFD433 /* AggregrateStoreModel.swift in Sources */ = {isa = PBXBuildFile; fileRef = 7A7B083C2C7D246300AFD433 /* AggregrateStoreModel.swift */; };
		7AA21FBC2C7F9E4D002421B5 /* Query.swift in Sources */ = {isa = PBXBuildFile; fileRef = 7AA21FBB2C7F9E4D002421B5 /* Query.swift */; };
		7AA21FBE2C7F9E59002421B5 /* Info.swift in Sources */ = {isa = PBXBuildFile; fileRef = 7AA21FBD2C7F9E59002421B5 /* Info.swift */; };
/* End PBXBuildFile section */

/* Begin PBXContainerItemProxy section */
		7A274EA92C753C7800C368C6 /* PBXContainerItemProxy */ = {
			isa = PBXContainerItemProxy;
			containerPortal = 7A274E902C753C7700C368C6 /* Project object */;
			proxyType = 1;
			remoteGlobalIDString = 7A274E972C753C7700C368C6;
			remoteInfo = CurrencyConverter;
		};
		7A274EB32C753C7800C368C6 /* PBXContainerItemProxy */ = {
			isa = PBXContainerItemProxy;
			containerPortal = 7A274E902C753C7700C368C6 /* Project object */;
			proxyType = 1;
			remoteGlobalIDString = 7A274E972C753C7700C368C6;
			remoteInfo = CurrencyConverter;
		};
/* End PBXContainerItemProxy section */

/* Begin PBXFileReference section */
		7A1EE9372C7E486500627229 /* Loopable.swift */ = {isa = PBXFileReference; lastKnownFileType = sourcecode.swift; path = Loopable.swift; sourceTree = "<group>"; };
		7A274E982C753C7700C368C6 /* CurrencyConverter.app */ = {isa = PBXFileReference; explicitFileType = wrapper.application; includeInIndex = 0; path = CurrencyConverter.app; sourceTree = BUILT_PRODUCTS_DIR; };
		7A274E9B2C753C7700C368C6 /* CurrencyConverterApp.swift */ = {isa = PBXFileReference; lastKnownFileType = sourcecode.swift; path = CurrencyConverterApp.swift; sourceTree = "<group>"; };
		7A274E9F2C753C7800C368C6 /* Assets.xcassets */ = {isa = PBXFileReference; lastKnownFileType = folder.assetcatalog; path = Assets.xcassets; sourceTree = "<group>"; };
		7A274EA22C753C7800C368C6 /* Preview Assets.xcassets */ = {isa = PBXFileReference; lastKnownFileType = folder.assetcatalog; path = "Preview Assets.xcassets"; sourceTree = "<group>"; };
		7A274EA82C753C7800C368C6 /* CurrencyConverterTests.xctest */ = {isa = PBXFileReference; explicitFileType = wrapper.cfbundle; includeInIndex = 0; path = CurrencyConverterTests.xctest; sourceTree = BUILT_PRODUCTS_DIR; };
		7A274EAC2C753C7800C368C6 /* CurrencyConverterTests.swift */ = {isa = PBXFileReference; lastKnownFileType = sourcecode.swift; path = CurrencyConverterTests.swift; sourceTree = "<group>"; };
		7A274EB22C753C7800C368C6 /* CurrencyConverterUITests.xctest */ = {isa = PBXFileReference; explicitFileType = wrapper.cfbundle; includeInIndex = 0; path = CurrencyConverterUITests.xctest; sourceTree = BUILT_PRODUCTS_DIR; };
		7A274EB62C753C7800C368C6 /* CurrencyConverterUITests.swift */ = {isa = PBXFileReference; lastKnownFileType = sourcecode.swift; path = CurrencyConverterUITests.swift; sourceTree = "<group>"; };
		7A274EB82C753C7800C368C6 /* CurrencyConverterUITestsLaunchTests.swift */ = {isa = PBXFileReference; lastKnownFileType = sourcecode.swift; path = CurrencyConverterUITestsLaunchTests.swift; sourceTree = "<group>"; };
		7A7B082D2C791E7E00AFD433 /* NumberFormatter+Extensions.swift */ = {isa = PBXFileReference; lastKnownFileType = sourcecode.swift; path = "NumberFormatter+Extensions.swift"; sourceTree = "<group>"; };
		7A7B082F2C7B966400AFD433 /* ConversionView.swift */ = {isa = PBXFileReference; lastKnownFileType = sourcecode.swift; path = ConversionView.swift; sourceTree = "<group>"; };
		7A7B08322C7B9A2C00AFD433 /* Webservice.swift */ = {isa = PBXFileReference; lastKnownFileType = sourcecode.swift; path = Webservice.swift; sourceTree = "<group>"; };
		7A7B08382C7D13B500AFD433 /* Quotes.swift */ = {isa = PBXFileReference; fileEncoding = 4; lastKnownFileType = sourcecode.swift; path = Quotes.swift; sourceTree = "<group>"; };
		7A7B08392C7D13B500AFD433 /* ConversionData.swift */ = {isa = PBXFileReference; fileEncoding = 4; lastKnownFileType = sourcecode.swift; path = ConversionData.swift; sourceTree = "<group>"; };
		7A7B083C2C7D246300AFD433 /* AggregrateStoreModel.swift */ = {isa = PBXFileReference; lastKnownFileType = sourcecode.swift; path = AggregrateStoreModel.swift; sourceTree = "<group>"; };
		7AA21FBB2C7F9E4D002421B5 /* Query.swift */ = {isa = PBXFileReference; lastKnownFileType = sourcecode.swift; path = Query.swift; sourceTree = "<group>"; };
		7AA21FBD2C7F9E59002421B5 /* Info.swift */ = {isa = PBXFileReference; lastKnownFileType = sourcecode.swift; path = Info.swift; sourceTree = "<group>"; };
/* End PBXFileReference section */

/* Begin PBXFrameworksBuildPhase section */
		7A274E952C753C7700C368C6 /* Frameworks */ = {
			isa = PBXFrameworksBuildPhase;
			buildActionMask = 2147483647;
			files = (
			);
			runOnlyForDeploymentPostprocessing = 0;
		};
		7A274EA52C753C7800C368C6 /* Frameworks */ = {
			isa = PBXFrameworksBuildPhase;
			buildActionMask = 2147483647;
			files = (
			);
			runOnlyForDeploymentPostprocessing = 0;
		};
		7A274EAF2C753C7800C368C6 /* Frameworks */ = {
			isa = PBXFrameworksBuildPhase;
			buildActionMask = 2147483647;
			files = (
			);
			runOnlyForDeploymentPostprocessing = 0;
		};
/* End PBXFrameworksBuildPhase section */

/* Begin PBXGroup section */
		7A1EE9392C7E487E00627229 /* Custom Protocols */ = {
			isa = PBXGroup;
			children = (
				7A1EE9372C7E486500627229 /* Loopable.swift */,
			);
			path = "Custom Protocols";
			sourceTree = "<group>";
		};
		7A274E8F2C753C7700C368C6 = {
			isa = PBXGroup;
			children = (
				7A274E9A2C753C7700C368C6 /* CurrencyConverter */,
				7A274EAB2C753C7800C368C6 /* CurrencyConverterTests */,
				7A274EB52C753C7800C368C6 /* CurrencyConverterUITests */,
				7A274E992C753C7700C368C6 /* Products */,
			);
			sourceTree = "<group>";
		};
		7A274E992C753C7700C368C6 /* Products */ = {
			isa = PBXGroup;
			children = (
				7A274E982C753C7700C368C6 /* CurrencyConverter.app */,
				7A274EA82C753C7800C368C6 /* CurrencyConverterTests.xctest */,
				7A274EB22C753C7800C368C6 /* CurrencyConverterUITests.xctest */,
			);
			name = Products;
			sourceTree = "<group>";
		};
		7A274E9A2C753C7700C368C6 /* CurrencyConverter */ = {
			isa = PBXGroup;
			children = (
				7A1EE9392C7E487E00627229 /* Custom Protocols */,
				7A274E9B2C753C7700C368C6 /* CurrencyConverterApp.swift */,
				7A7B08322C7B9A2C00AFD433 /* Webservice.swift */,
				7A7B082C2C791E6200AFD433 /* Extensions */,
				7A274ECD2C769B8B00C368C6 /* Models */,
				7A7B08312C7B969700AFD433 /* Views */,
				7A274E9F2C753C7800C368C6 /* Assets.xcassets */,
				7A274EA12C753C7800C368C6 /* Preview Content */,
			);
			path = CurrencyConverter;
			sourceTree = "<group>";
		};
		7A274EA12C753C7800C368C6 /* Preview Content */ = {
			isa = PBXGroup;
			children = (
				7A274EA22C753C7800C368C6 /* Preview Assets.xcassets */,
			);
			path = "Preview Content";
			sourceTree = "<group>";
		};
		7A274EAB2C753C7800C368C6 /* CurrencyConverterTests */ = {
			isa = PBXGroup;
			children = (
				7A274EAC2C753C7800C368C6 /* CurrencyConverterTests.swift */,
			);
			path = CurrencyConverterTests;
			sourceTree = "<group>";
		};
		7A274EB52C753C7800C368C6 /* CurrencyConverterUITests */ = {
			isa = PBXGroup;
			children = (
				7A274EB62C753C7800C368C6 /* CurrencyConverterUITests.swift */,
				7A274EB82C753C7800C368C6 /* CurrencyConverterUITestsLaunchTests.swift */,
			);
			path = CurrencyConverterUITests;
			sourceTree = "<group>";
		};
		7A274ECD2C769B8B00C368C6 /* Models */ = {
			isa = PBXGroup;
			children = (
				7A7B083C2C7D246300AFD433 /* AggregrateStoreModel.swift */,
				7A7B08392C7D13B500AFD433 /* ConversionData.swift */,
				7A7B08382C7D13B500AFD433 /* Quotes.swift */,
				7AA21FBB2C7F9E4D002421B5 /* Query.swift */,
				7AA21FBD2C7F9E59002421B5 /* Info.swift */,
			);
			path = Models;
			sourceTree = "<group>";
		};
		7A7B082C2C791E6200AFD433 /* Extensions */ = {
			isa = PBXGroup;
			children = (
				7A7B082D2C791E7E00AFD433 /* NumberFormatter+Extensions.swift */,
			);
			path = Extensions;
			sourceTree = "<group>";
		};
		7A7B08312C7B969700AFD433 /* Views */ = {
			isa = PBXGroup;
			children = (
				7A7B082F2C7B966400AFD433 /* ConversionView.swift */,
			);
			path = Views;
			sourceTree = "<group>";
		};
/* End PBXGroup section */

/* Begin PBXNativeTarget section */
		7A274E972C753C7700C368C6 /* CurrencyConverter */ = {
			isa = PBXNativeTarget;
			buildConfigurationList = 7A274EBC2C753C7800C368C6 /* Build configuration list for PBXNativeTarget "CurrencyConverter" */;
			buildPhases = (
				7A274E942C753C7700C368C6 /* Sources */,
				7A274E952C753C7700C368C6 /* Frameworks */,
				7A274E962C753C7700C368C6 /* Resources */,
			);
			buildRules = (
			);
			dependencies = (
			);
			name = CurrencyConverter;
			productName = CurrencyConverter;
			productReference = 7A274E982C753C7700C368C6 /* CurrencyConverter.app */;
			productType = "com.apple.product-type.application";
		};
		7A274EA72C753C7800C368C6 /* CurrencyConverterTests */ = {
			isa = PBXNativeTarget;
			buildConfigurationList = 7A274EBF2C753C7800C368C6 /* Build configuration list for PBXNativeTarget "CurrencyConverterTests" */;
			buildPhases = (
				7A274EA42C753C7800C368C6 /* Sources */,
				7A274EA52C753C7800C368C6 /* Frameworks */,
				7A274EA62C753C7800C368C6 /* Resources */,
			);
			buildRules = (
			);
			dependencies = (
				7A274EAA2C753C7800C368C6 /* PBXTargetDependency */,
			);
			name = CurrencyConverterTests;
			productName = CurrencyConverterTests;
			productReference = 7A274EA82C753C7800C368C6 /* CurrencyConverterTests.xctest */;
			productType = "com.apple.product-type.bundle.unit-test";
		};
		7A274EB12C753C7800C368C6 /* CurrencyConverterUITests */ = {
			isa = PBXNativeTarget;
			buildConfigurationList = 7A274EC22C753C7800C368C6 /* Build configuration list for PBXNativeTarget "CurrencyConverterUITests" */;
			buildPhases = (
				7A274EAE2C753C7800C368C6 /* Sources */,
				7A274EAF2C753C7800C368C6 /* Frameworks */,
				7A274EB02C753C7800C368C6 /* Resources */,
			);
			buildRules = (
			);
			dependencies = (
				7A274EB42C753C7800C368C6 /* PBXTargetDependency */,
			);
			name = CurrencyConverterUITests;
			productName = CurrencyConverterUITests;
			productReference = 7A274EB22C753C7800C368C6 /* CurrencyConverterUITests.xctest */;
			productType = "com.apple.product-type.bundle.ui-testing";
		};
/* End PBXNativeTarget section */

/* Begin PBXProject section */
		7A274E902C753C7700C368C6 /* Project object */ = {
			isa = PBXProject;
			attributes = {
				BuildIndependentTargetsInParallel = 1;
				LastSwiftUpdateCheck = 1540;
				LastUpgradeCheck = 1540;
				TargetAttributes = {
					7A274E972C753C7700C368C6 = {
						CreatedOnToolsVersion = 15.4;
					};
					7A274EA72C753C7800C368C6 = {
						CreatedOnToolsVersion = 15.4;
						TestTargetID = 7A274E972C753C7700C368C6;
					};
					7A274EB12C753C7800C368C6 = {
						CreatedOnToolsVersion = 15.4;
						TestTargetID = 7A274E972C753C7700C368C6;
					};
				};
			};
			buildConfigurationList = 7A274E932C753C7700C368C6 /* Build configuration list for PBXProject "CurrencyConverter" */;
			compatibilityVersion = "Xcode 14.0";
			developmentRegion = en;
			hasScannedForEncodings = 0;
			knownRegions = (
				en,
				Base,
			);
			mainGroup = 7A274E8F2C753C7700C368C6;
			productRefGroup = 7A274E992C753C7700C368C6 /* Products */;
			projectDirPath = "";
			projectRoot = "";
			targets = (
				7A274E972C753C7700C368C6 /* CurrencyConverter */,
				7A274EA72C753C7800C368C6 /* CurrencyConverterTests */,
				7A274EB12C753C7800C368C6 /* CurrencyConverterUITests */,
			);
		};
/* End PBXProject section */

/* Begin PBXResourcesBuildPhase section */
		7A274E962C753C7700C368C6 /* Resources */ = {
			isa = PBXResourcesBuildPhase;
			buildActionMask = 2147483647;
			files = (
				7A274EA32C753C7800C368C6 /* Preview Assets.xcassets in Resources */,
				7A274EA02C753C7800C368C6 /* Assets.xcassets in Resources */,
			);
			runOnlyForDeploymentPostprocessing = 0;
		};
		7A274EA62C753C7800C368C6 /* Resources */ = {
			isa = PBXResourcesBuildPhase;
			buildActionMask = 2147483647;
			files = (
			);
			runOnlyForDeploymentPostprocessing = 0;
		};
		7A274EB02C753C7800C368C6 /* Resources */ = {
			isa = PBXResourcesBuildPhase;
			buildActionMask = 2147483647;
			files = (
			);
			runOnlyForDeploymentPostprocessing = 0;
		};
/* End PBXResourcesBuildPhase section */

/* Begin PBXSourcesBuildPhase section */
		7A274E942C753C7700C368C6 /* Sources */ = {
			isa = PBXSourcesBuildPhase;
			buildActionMask = 2147483647;
			files = (
				7A7B083A2C7D13B500AFD433 /* Quotes.swift in Sources */,
				7AA21FBC2C7F9E4D002421B5 /* Query.swift in Sources */,
				7A7B083D2C7D246300AFD433 /* AggregrateStoreModel.swift in Sources */,
				7AA21FBE2C7F9E59002421B5 /* Info.swift in Sources */,
				7A7B08332C7B9A2C00AFD433 /* Webservice.swift in Sources */,
				7A7B082E2C791E7E00AFD433 /* NumberFormatter+Extensions.swift in Sources */,
				7A7B08302C7B966400AFD433 /* ConversionView.swift in Sources */,
				7A7B083B2C7D13B500AFD433 /* ConversionData.swift in Sources */,
				7A274E9C2C753C7700C368C6 /* CurrencyConverterApp.swift in Sources */,
				7A1EE9382C7E486500627229 /* Loopable.swift in Sources */,
			);
			runOnlyForDeploymentPostprocessing = 0;
		};
		7A274EA42C753C7800C368C6 /* Sources */ = {
			isa = PBXSourcesBuildPhase;
			buildActionMask = 2147483647;
			files = (
				7A274EAD2C753C7800C368C6 /* CurrencyConverterTests.swift in Sources */,
			);
			runOnlyForDeploymentPostprocessing = 0;
		};
		7A274EAE2C753C7800C368C6 /* Sources */ = {
			isa = PBXSourcesBuildPhase;
			buildActionMask = 2147483647;
			files = (
				7A274EB92C753C7800C368C6 /* CurrencyConverterUITestsLaunchTests.swift in Sources */,
				7A274EB72C753C7800C368C6 /* CurrencyConverterUITests.swift in Sources */,
			);
			runOnlyForDeploymentPostprocessing = 0;
		};
/* End PBXSourcesBuildPhase section */

/* Begin PBXTargetDependency section */
		7A274EAA2C753C7800C368C6 /* PBXTargetDependency */ = {
			isa = PBXTargetDependency;
			target = 7A274E972C753C7700C368C6 /* CurrencyConverter */;
			targetProxy = 7A274EA92C753C7800C368C6 /* PBXContainerItemProxy */;
		};
		7A274EB42C753C7800C368C6 /* PBXTargetDependency */ = {
			isa = PBXTargetDependency;
			target = 7A274E972C753C7700C368C6 /* CurrencyConverter */;
			targetProxy = 7A274EB32C753C7800C368C6 /* PBXContainerItemProxy */;
		};
/* End PBXTargetDependency section */

/* Begin XCBuildConfiguration section */
		7A274EBA2C753C7800C368C6 /* Debug */ = {
			isa = XCBuildConfiguration;
			buildSettings = {
				ALWAYS_SEARCH_USER_PATHS = NO;
				ASSETCATALOG_COMPILER_GENERATE_SWIFT_ASSET_SYMBOL_EXTENSIONS = YES;
				CLANG_ANALYZER_NONNULL = YES;
				CLANG_ANALYZER_NUMBER_OBJECT_CONVERSION = YES_AGGRESSIVE;
				CLANG_CXX_LANGUAGE_STANDARD = "gnu++20";
				CLANG_ENABLE_MODULES = YES;
				CLANG_ENABLE_OBJC_ARC = YES;
				CLANG_ENABLE_OBJC_WEAK = YES;
				CLANG_WARN_BLOCK_CAPTURE_AUTORELEASING = YES;
				CLANG_WARN_BOOL_CONVERSION = YES;
				CLANG_WARN_COMMA = YES;
				CLANG_WARN_CONSTANT_CONVERSION = YES;
				CLANG_WARN_DEPRECATED_OBJC_IMPLEMENTATIONS = YES;
				CLANG_WARN_DIRECT_OBJC_ISA_USAGE = YES_ERROR;
				CLANG_WARN_DOCUMENTATION_COMMENTS = YES;
				CLANG_WARN_EMPTY_BODY = YES;
				CLANG_WARN_ENUM_CONVERSION = YES;
				CLANG_WARN_INFINITE_RECURSION = YES;
				CLANG_WARN_INT_CONVERSION = YES;
				CLANG_WARN_NON_LITERAL_NULL_CONVERSION = YES;
				CLANG_WARN_OBJC_IMPLICIT_RETAIN_SELF = YES;
				CLANG_WARN_OBJC_LITERAL_CONVERSION = YES;
				CLANG_WARN_OBJC_ROOT_CLASS = YES_ERROR;
				CLANG_WARN_QUOTED_INCLUDE_IN_FRAMEWORK_HEADER = YES;
				CLANG_WARN_RANGE_LOOP_ANALYSIS = YES;
				CLANG_WARN_STRICT_PROTOTYPES = YES;
				CLANG_WARN_SUSPICIOUS_MOVE = YES;
				CLANG_WARN_UNGUARDED_AVAILABILITY = YES_AGGRESSIVE;
				CLANG_WARN_UNREACHABLE_CODE = YES;
				CLANG_WARN__DUPLICATE_METHOD_MATCH = YES;
				COPY_PHASE_STRIP = NO;
				DEBUG_INFORMATION_FORMAT = dwarf;
				ENABLE_STRICT_OBJC_MSGSEND = YES;
				ENABLE_TESTABILITY = YES;
				ENABLE_USER_SCRIPT_SANDBOXING = YES;
				GCC_C_LANGUAGE_STANDARD = gnu17;
				GCC_DYNAMIC_NO_PIC = NO;
				GCC_NO_COMMON_BLOCKS = YES;
				GCC_OPTIMIZATION_LEVEL = 0;
				GCC_PREPROCESSOR_DEFINITIONS = (
					"DEBUG=1",
					"$(inherited)",
				);
				GCC_WARN_64_TO_32_BIT_CONVERSION = YES;
				GCC_WARN_ABOUT_RETURN_TYPE = YES_ERROR;
				GCC_WARN_UNDECLARED_SELECTOR = YES;
				GCC_WARN_UNINITIALIZED_AUTOS = YES_AGGRESSIVE;
				GCC_WARN_UNUSED_FUNCTION = YES;
				GCC_WARN_UNUSED_VARIABLE = YES;
				IPHONEOS_DEPLOYMENT_TARGET = 17.5;
				LOCALIZATION_PREFERS_STRING_CATALOGS = YES;
				MTL_ENABLE_DEBUG_INFO = INCLUDE_SOURCE;
				MTL_FAST_MATH = YES;
				ONLY_ACTIVE_ARCH = YES;
				SDKROOT = iphoneos;
				SWIFT_ACTIVE_COMPILATION_CONDITIONS = "DEBUG $(inherited)";
				SWIFT_OPTIMIZATION_LEVEL = "-Onone";
			};
			name = Debug;
		};
		7A274EBB2C753C7800C368C6 /* Release */ = {
			isa = XCBuildConfiguration;
			buildSettings = {
				ALWAYS_SEARCH_USER_PATHS = NO;
				ASSETCATALOG_COMPILER_GENERATE_SWIFT_ASSET_SYMBOL_EXTENSIONS = YES;
				CLANG_ANALYZER_NONNULL = YES;
				CLANG_ANALYZER_NUMBER_OBJECT_CONVERSION = YES_AGGRESSIVE;
				CLANG_CXX_LANGUAGE_STANDARD = "gnu++20";
				CLANG_ENABLE_MODULES = YES;
				CLANG_ENABLE_OBJC_ARC = YES;
				CLANG_ENABLE_OBJC_WEAK = YES;
				CLANG_WARN_BLOCK_CAPTURE_AUTORELEASING = YES;
				CLANG_WARN_BOOL_CONVERSION = YES;
				CLANG_WARN_COMMA = YES;
				CLANG_WARN_CONSTANT_CONVERSION = YES;
				CLANG_WARN_DEPRECATED_OBJC_IMPLEMENTATIONS = YES;
				CLANG_WARN_DIRECT_OBJC_ISA_USAGE = YES_ERROR;
				CLANG_WARN_DOCUMENTATION_COMMENTS = YES;
				CLANG_WARN_EMPTY_BODY = YES;
				CLANG_WARN_ENUM_CONVERSION = YES;
				CLANG_WARN_INFINITE_RECURSION = YES;
				CLANG_WARN_INT_CONVERSION = YES;
				CLANG_WARN_NON_LITERAL_NULL_CONVERSION = YES;
				CLANG_WARN_OBJC_IMPLICIT_RETAIN_SELF = YES;
				CLANG_WARN_OBJC_LITERAL_CONVERSION = YES;
				CLANG_WARN_OBJC_ROOT_CLASS = YES_ERROR;
				CLANG_WARN_QUOTED_INCLUDE_IN_FRAMEWORK_HEADER = YES;
				CLANG_WARN_RANGE_LOOP_ANALYSIS = YES;
				CLANG_WARN_STRICT_PROTOTYPES = YES;
				CLANG_WARN_SUSPICIOUS_MOVE = YES;
				CLANG_WARN_UNGUARDED_AVAILABILITY = YES_AGGRESSIVE;
				CLANG_WARN_UNREACHABLE_CODE = YES;
				CLANG_WARN__DUPLICATE_METHOD_MATCH = YES;
				COPY_PHASE_STRIP = NO;
				DEBUG_INFORMATION_FORMAT = "dwarf-with-dsym";
				ENABLE_NS_ASSERTIONS = NO;
				ENABLE_STRICT_OBJC_MSGSEND = YES;
				ENABLE_USER_SCRIPT_SANDBOXING = YES;
				GCC_C_LANGUAGE_STANDARD = gnu17;
				GCC_NO_COMMON_BLOCKS = YES;
				GCC_WARN_64_TO_32_BIT_CONVERSION = YES;
				GCC_WARN_ABOUT_RETURN_TYPE = YES_ERROR;
				GCC_WARN_UNDECLARED_SELECTOR = YES;
				GCC_WARN_UNINITIALIZED_AUTOS = YES_AGGRESSIVE;
				GCC_WARN_UNUSED_FUNCTION = YES;
				GCC_WARN_UNUSED_VARIABLE = YES;
				IPHONEOS_DEPLOYMENT_TARGET = 17.5;
				LOCALIZATION_PREFERS_STRING_CATALOGS = YES;
				MTL_ENABLE_DEBUG_INFO = NO;
				MTL_FAST_MATH = YES;
				SDKROOT = iphoneos;
				SWIFT_COMPILATION_MODE = wholemodule;
				VALIDATE_PRODUCT = YES;
			};
			name = Release;
		};
		7A274EBD2C753C7800C368C6 /* Debug */ = {
			isa = XCBuildConfiguration;
			buildSettings = {
				ASSETCATALOG_COMPILER_APPICON_NAME = AppIcon;
				ASSETCATALOG_COMPILER_GLOBAL_ACCENT_COLOR_NAME = AccentColor;
				CODE_SIGN_STYLE = Automatic;
				CURRENT_PROJECT_VERSION = 1;
				DEVELOPMENT_ASSET_PATHS = "\"CurrencyConverter/Preview Content\"";
				DEVELOPMENT_TEAM = J5T6Z5N38H;
				ENABLE_PREVIEWS = YES;
				GENERATE_INFOPLIST_FILE = YES;
				INFOPLIST_KEY_UIApplicationSceneManifest_Generation = YES;
				INFOPLIST_KEY_UIApplicationSupportsIndirectInputEvents = YES;
				INFOPLIST_KEY_UILaunchScreen_Generation = YES;
				INFOPLIST_KEY_UISupportedInterfaceOrientations_iPad = "UIInterfaceOrientationPortrait UIInterfaceOrientationPortraitUpsideDown UIInterfaceOrientationLandscapeLeft UIInterfaceOrientationLandscapeRight";
				INFOPLIST_KEY_UISupportedInterfaceOrientations_iPhone = "UIInterfaceOrientationPortrait UIInterfaceOrientationLandscapeLeft UIInterfaceOrientationLandscapeRight";
				LD_RUNPATH_SEARCH_PATHS = (
					"$(inherited)",
					"@executable_path/Frameworks",
				);
				MARKETING_VERSION = 1.0;
				PRODUCT_BUNDLE_IDENTIFIER = PixleyConsulting.CurrencyConverter;
				PRODUCT_NAME = "$(TARGET_NAME)";
				SWIFT_EMIT_LOC_STRINGS = YES;
				SWIFT_VERSION = 5.0;
				TARGETED_DEVICE_FAMILY = "1,2";
			};
			name = Debug;
		};
		7A274EBE2C753C7800C368C6 /* Release */ = {
			isa = XCBuildConfiguration;
			buildSettings = {
				ASSETCATALOG_COMPILER_APPICON_NAME = AppIcon;
				ASSETCATALOG_COMPILER_GLOBAL_ACCENT_COLOR_NAME = AccentColor;
				CODE_SIGN_STYLE = Automatic;
				CURRENT_PROJECT_VERSION = 1;
				DEVELOPMENT_ASSET_PATHS = "\"CurrencyConverter/Preview Content\"";
				DEVELOPMENT_TEAM = J5T6Z5N38H;
				ENABLE_PREVIEWS = YES;
				GENERATE_INFOPLIST_FILE = YES;
				INFOPLIST_KEY_UIApplicationSceneManifest_Generation = YES;
				INFOPLIST_KEY_UIApplicationSupportsIndirectInputEvents = YES;
				INFOPLIST_KEY_UILaunchScreen_Generation = YES;
				INFOPLIST_KEY_UISupportedInterfaceOrientations_iPad = "UIInterfaceOrientationPortrait UIInterfaceOrientationPortraitUpsideDown UIInterfaceOrientationLandscapeLeft UIInterfaceOrientationLandscapeRight";
				INFOPLIST_KEY_UISupportedInterfaceOrientations_iPhone = "UIInterfaceOrientationPortrait UIInterfaceOrientationLandscapeLeft UIInterfaceOrientationLandscapeRight";
				LD_RUNPATH_SEARCH_PATHS = (
					"$(inherited)",
					"@executable_path/Frameworks",
				);
				MARKETING_VERSION = 1.0;
				PRODUCT_BUNDLE_IDENTIFIER = PixleyConsulting.CurrencyConverter;
				PRODUCT_NAME = "$(TARGET_NAME)";
				SWIFT_EMIT_LOC_STRINGS = YES;
				SWIFT_VERSION = 5.0;
				TARGETED_DEVICE_FAMILY = "1,2";
			};
			name = Release;
		};
		7A274EC02C753C7800C368C6 /* Debug */ = {
			isa = XCBuildConfiguration;
			buildSettings = {
				ALWAYS_EMBED_SWIFT_STANDARD_LIBRARIES = YES;
				BUNDLE_LOADER = "$(TEST_HOST)";
				CODE_SIGN_STYLE = Automatic;
				CURRENT_PROJECT_VERSION = 1;
				DEVELOPMENT_TEAM = J5T6Z5N38H;
				GENERATE_INFOPLIST_FILE = YES;
				IPHONEOS_DEPLOYMENT_TARGET = 17.5;
				MARKETING_VERSION = 1.0;
				PRODUCT_BUNDLE_IDENTIFIER = PixleyConsulting.CurrencyConverterTests;
				PRODUCT_NAME = "$(TARGET_NAME)";
				SWIFT_EMIT_LOC_STRINGS = NO;
				SWIFT_VERSION = 5.0;
				TARGETED_DEVICE_FAMILY = "1,2";
				TEST_HOST = "$(BUILT_PRODUCTS_DIR)/CurrencyConverter.app/$(BUNDLE_EXECUTABLE_FOLDER_PATH)/CurrencyConverter";
			};
			name = Debug;
		};
		7A274EC12C753C7800C368C6 /* Release */ = {
			isa = XCBuildConfiguration;
			buildSettings = {
				ALWAYS_EMBED_SWIFT_STANDARD_LIBRARIES = YES;
				BUNDLE_LOADER = "$(TEST_HOST)";
				CODE_SIGN_STYLE = Automatic;
				CURRENT_PROJECT_VERSION = 1;
				DEVELOPMENT_TEAM = J5T6Z5N38H;
				GENERATE_INFOPLIST_FILE = YES;
				IPHONEOS_DEPLOYMENT_TARGET = 17.5;
				MARKETING_VERSION = 1.0;
				PRODUCT_BUNDLE_IDENTIFIER = PixleyConsulting.CurrencyConverterTests;
				PRODUCT_NAME = "$(TARGET_NAME)";
				SWIFT_EMIT_LOC_STRINGS = NO;
				SWIFT_VERSION = 5.0;
				TARGETED_DEVICE_FAMILY = "1,2";
				TEST_HOST = "$(BUILT_PRODUCTS_DIR)/CurrencyConverter.app/$(BUNDLE_EXECUTABLE_FOLDER_PATH)/CurrencyConverter";
			};
			name = Release;
		};
		7A274EC32C753C7800C368C6 /* Debug */ = {
			isa = XCBuildConfiguration;
			buildSettings = {
				ALWAYS_EMBED_SWIFT_STANDARD_LIBRARIES = YES;
				CODE_SIGN_STYLE = Automatic;
				CURRENT_PROJECT_VERSION = 1;
				DEVELOPMENT_TEAM = J5T6Z5N38H;
				GENERATE_INFOPLIST_FILE = YES;
				MARKETING_VERSION = 1.0;
				PRODUCT_BUNDLE_IDENTIFIER = PixleyConsulting.CurrencyConverterUITests;
				PRODUCT_NAME = "$(TARGET_NAME)";
				SWIFT_EMIT_LOC_STRINGS = NO;
				SWIFT_VERSION = 5.0;
				TARGETED_DEVICE_FAMILY = "1,2";
				TEST_TARGET_NAME = CurrencyConverter;
			};
			name = Debug;
		};
		7A274EC42C753C7800C368C6 /* Release */ = {
			isa = XCBuildConfiguration;
			buildSettings = {
				ALWAYS_EMBED_SWIFT_STANDARD_LIBRARIES = YES;
				CODE_SIGN_STYLE = Automatic;
				CURRENT_PROJECT_VERSION = 1;
				DEVELOPMENT_TEAM = J5T6Z5N38H;
				GENERATE_INFOPLIST_FILE = YES;
				MARKETING_VERSION = 1.0;
				PRODUCT_BUNDLE_IDENTIFIER = PixleyConsulting.CurrencyConverterUITests;
				PRODUCT_NAME = "$(TARGET_NAME)";
				SWIFT_EMIT_LOC_STRINGS = NO;
				SWIFT_VERSION = 5.0;
				TARGETED_DEVICE_FAMILY = "1,2";
				TEST_TARGET_NAME = CurrencyConverter;
			};
			name = Release;
		};
/* End XCBuildConfiguration section */

/* Begin XCConfigurationList section */
		7A274E932C753C7700C368C6 /* Build configuration list for PBXProject "CurrencyConverter" */ = {
			isa = XCConfigurationList;
			buildConfigurations = (
				7A274EBA2C753C7800C368C6 /* Debug */,
				7A274EBB2C753C7800C368C6 /* Release */,
			);
			defaultConfigurationIsVisible = 0;
			defaultConfigurationName = Release;
		};
		7A274EBC2C753C7800C368C6 /* Build configuration list for PBXNativeTarget "CurrencyConverter" */ = {
			isa = XCConfigurationList;
			buildConfigurations = (
				7A274EBD2C753C7800C368C6 /* Debug */,
				7A274EBE2C753C7800C368C6 /* Release */,
			);
			defaultConfigurationIsVisible = 0;
			defaultConfigurationName = Release;
		};
		7A274EBF2C753C7800C368C6 /* Build configuration list for PBXNativeTarget "CurrencyConverterTests" */ = {
			isa = XCConfigurationList;
			buildConfigurations = (
				7A274EC02C753C7800C368C6 /* Debug */,
				7A274EC12C753C7800C368C6 /* Release */,
			);
			defaultConfigurationIsVisible = 0;
			defaultConfigurationName = Release;
		};
		7A274EC22C753C7800C368C6 /* Build configuration list for PBXNativeTarget "CurrencyConverterUITests" */ = {
			isa = XCConfigurationList;
			buildConfigurations = (
				7A274EC32C753C7800C368C6 /* Debug */,
				7A274EC42C753C7800C368C6 /* Release */,
			);
			defaultConfigurationIsVisible = 0;
			defaultConfigurationName = Release;
		};
/* End XCConfigurationList section */
	};
	rootObject = 7A274E902C753C7700C368C6 /* Project object */;
}
